dependencies:
- name: common
  repository: https://charts.bitnami.com/bitnami
  version: 1.10.4
- name: mongodb
  repository: https://charts.bitnami.com/bitnami
  version: 13.6.4
digest: sha256:552f1c0f54cc6f7dbd37577fae173e980be2fed5ce14fb974943d29856a30d0d
generated: "2023-01-23T16:24:41.928663+01:00"
