dependencies:
- name: common
  repository: oci://registry-1.docker.io/bitnamicharts
  version: 2.14.1
- name: mongodb
  repository: oci://registry-1.docker.io/bitnamicharts
  version: 15.6.26
digest: sha256:b692996cc56985b2718d05eebda8876d4249760ea09718f72bcf1a0b367d5464
generated: "2025-05-12T11:33:21.958623+02:00"
