dependencies:
- name: common
  repository: https://charts.bitnami.com/bitnami
  version: 1.10.3
- name: mongodb
  repository: https://charts.bitnami.com/bitnami
  version: 10.30.6
digest: sha256:9e90c19c95208e66b2640cd89aa4d93af20d7036a17765813eeda0bee4777fbc
generated: "2021-12-10T17:25:19.236414+01:00"
